
Microsoft Visual Studio Solution File, Format Version 12.00
# Visual Studio Version 17
VisualStudioVersion = 17.0.31903.59
MinimumVisualStudioVersion = 10.0.40219.1
Project("{2150E333-8FDC-42A3-9474-1A3956D46DE8}") = "src", "src", "{C7D727AE-7A2B-495E-8DCE-5F74F84395C3}"
EndProject
Project("{FAE04EC0-301F-11D3-BF4B-00C04F79EFBC}") = "PumpPal.API", "src\PumpPal.API\PumpPal.API.csproj", "{5EB49A30-4255-4909-AFD7-3CF8A26DCDE2}"
EndProject
Project("{FAE04EC0-301F-11D3-BF4B-00C04F79EFBC}") = "PumpPal.Application", "src\PumpPal.Application\PumpPal.Application.csproj", "{FDD61F5C-AE93-447D-96B1-19D052025EF0}"
EndProject
Project("{FAE04EC0-301F-11D3-BF4B-00C04F79EFBC}") = "PumpPal.Domain", "src\PumpPal.Domain\PumpPal.Domain.csproj", "{A7BE6310-DEE4-42BF-9FEC-59F665B682A8}"
EndProject
Project("{FAE04EC0-301F-11D3-BF4B-00C04F79EFBC}") = "PumpPal.Infrastructure", "src\PumpPal.Infrastructure\PumpPal.Infrastructure.csproj", "{D515DAF7-3C76-4BEA-AC99-74C52C6DBCE8}"
EndProject
Global
	GlobalSection(SolutionConfigurationPlatforms) = preSolution
		Debug|Any CPU = Debug|Any CPU
		Release|Any CPU = Release|Any CPU
	EndGlobalSection
	GlobalSection(SolutionProperties) = preSolution
		HideSolutionNode = FALSE
	EndGlobalSection
	GlobalSection(ProjectConfigurationPlatforms) = postSolution
		{5EB49A30-4255-4909-AFD7-3CF8A26DCDE2}.Debug|Any CPU.ActiveCfg = Debug|Any CPU
		{5EB49A30-4255-4909-AFD7-3CF8A26DCDE2}.Debug|Any CPU.Build.0 = Debug|Any CPU
		{5EB49A30-4255-4909-AFD7-3CF8A26DCDE2}.Release|Any CPU.ActiveCfg = Release|Any CPU
		{5EB49A30-4255-4909-AFD7-3CF8A26DCDE2}.Release|Any CPU.Build.0 = Release|Any CPU
		{FDD61F5C-AE93-447D-96B1-19D052025EF0}.Debug|Any CPU.ActiveCfg = Debug|Any CPU
		{FDD61F5C-AE93-447D-96B1-19D052025EF0}.Debug|Any CPU.Build.0 = Debug|Any CPU
		{FDD61F5C-AE93-447D-96B1-19D052025EF0}.Release|Any CPU.ActiveCfg = Release|Any CPU
		{FDD61F5C-AE93-447D-96B1-19D052025EF0}.Release|Any CPU.Build.0 = Release|Any CPU
		{A7BE6310-DEE4-42BF-9FEC-59F665B682A8}.Debug|Any CPU.ActiveCfg = Debug|Any CPU
		{A7BE6310-DEE4-42BF-9FEC-59F665B682A8}.Debug|Any CPU.Build.0 = Debug|Any CPU
		{A7BE6310-DEE4-42BF-9FEC-59F665B682A8}.Release|Any CPU.ActiveCfg = Release|Any CPU
		{A7BE6310-DEE4-42BF-9FEC-59F665B682A8}.Release|Any CPU.Build.0 = Release|Any CPU
		{D515DAF7-3C76-4BEA-AC99-74C52C6DBCE8}.Debug|Any CPU.ActiveCfg = Debug|Any CPU
		{D515DAF7-3C76-4BEA-AC99-74C52C6DBCE8}.Debug|Any CPU.Build.0 = Debug|Any CPU
		{D515DAF7-3C76-4BEA-AC99-74C52C6DBCE8}.Release|Any CPU.ActiveCfg = Release|Any CPU
		{D515DAF7-3C76-4BEA-AC99-74C52C6DBCE8}.Release|Any CPU.Build.0 = Release|Any CPU
	EndGlobalSection
	GlobalSection(NestedProjects) = preSolution
		{5EB49A30-4255-4909-AFD7-3CF8A26DCDE2} = {C7D727AE-7A2B-495E-8DCE-5F74F84395C3}
		{FDD61F5C-AE93-447D-96B1-19D052025EF0} = {C7D727AE-7A2B-495E-8DCE-5F74F84395C3}
		{A7BE6310-DEE4-42BF-9FEC-59F665B682A8} = {C7D727AE-7A2B-495E-8DCE-5F74F84395C3}
		{D515DAF7-3C76-4BEA-AC99-74C52C6DBCE8} = {C7D727AE-7A2B-495E-8DCE-5F74F84395C3}
	EndGlobalSection
EndGlobal
