
Microsoft Visual Studio Solution File, Format Version 12.00
# Visual Studio Version 17
VisualStudioVersion = 17.0.31903.59
MinimumVisualStudioVersion = 10.0.40219.1
Project("{2150E333-8FDC-42A3-9474-1A3956D46DE8}") = "src", "src", "{458ABEDB-220C-4835-9814-387E3A5C511B}"
EndProject
Project("{FAE04EC0-301F-11D3-BF4B-00C04F79EFBC}") = "PumpPal.API", "src\PumpPal.API\PumpPal.API.csproj", "{A0DF9BD4-B4C5-4B44-B819-FBF5F9431909}"
EndProject
Global
	GlobalSection(SolutionConfigurationPlatforms) = preSolution
		Debug|Any CPU = Debug|Any CPU
		Release|Any CPU = Release|Any CPU
	EndGlobalSection
	GlobalSection(SolutionProperties) = preSolution
		HideSolutionNode = FALSE
	EndGlobalSection
	GlobalSection(ProjectConfigurationPlatforms) = postSolution
		{A0DF9BD4-B4C5-4B44-B819-FBF5F9431909}.Debug|Any CPU.ActiveCfg = Debug|Any CPU
		{A0DF9BD4-B4C5-4B44-B819-FBF5F9431909}.Debug|Any CPU.Build.0 = Debug|Any CPU
		{A0DF9BD4-B4C5-4B44-B819-FBF5F9431909}.Release|Any CPU.ActiveCfg = Release|Any CPU
		{A0DF9BD4-B4C5-4B44-B819-FBF5F9431909}.Release|Any CPU.Build.0 = Release|Any CPU
	EndGlobalSection
	GlobalSection(NestedProjects) = preSolution
		{A0DF9BD4-B4C5-4B44-B819-FBF5F9431909} = {458ABEDB-220C-4835-9814-387E3A5C511B}
	EndGlobalSection
EndGlobal
